// !$*UTF8*$!
{
	archiveVersion = 1;
	classes = {
	};
	objectVersion = 46;
	objects = {

/* Begin PBXBuildFile section */
		CC5EA64D1A41A64A00B204D0 /* libpython2.7.dylib in Frameworks */ = {isa = PBXBuildFile; fileRef = CC5EA64C1A41A64A00B204D0 /* libpython2.7.dylib */; };
		CC78F6AE1BF8CE4F00E5C1C3 /* delegate.py in Resources */ = {isa = PBXBuildFile; fileRef = CC78F6AD1BF8CE4F00E5C1C3 /* delegate.py */; };
		CC8DB9BB1BF8C8B6001F4835 /* en.lproj in Resources */ = {isa = PBXBuildFile; fileRef = CC8DB9BA1BF8C8B6001F4835 /* en.lproj */; };
		CC8DB9BF1BF8C8C9001F4835 /* main.m in Sources */ = {isa = PBXBuildFile; fileRef = CC8DB9BC1BF8C8C9001F4835 /* main.m */; };
		CC8DB9C01BF8C8C9001F4835 /* main.py in Resources */ = {isa = PBXBuildFile; fileRef = CC8DB9BD1BF8C8C9001F4835 /* main.py */; };
		CC8DB9C11BF8C8C9001F4835 /* setup.py in Resources */ = {isa = PBXBuildFile; fileRef = CC8DB9BE1BF8C8C9001F4835 /* setup.py */; };
		CC8E49371BF8B9EE00677633 /* MainMenu.xib in Resources */ = {isa = PBXBuildFile; fileRef = CC8E49351BF8B9EE00677633 /* MainMenu.xib */; };
/* End PBXBuildFile section */

/* Begin PBXFileReference section */
		CC2ABDBC1A419A0E007F6501 /* WayFinding.app */ = {isa = PBXFileReference; explicitFileType = wrapper.application; includeInIndex = 0; path = WayFinding.app; sourceTree = BUILT_PRODUCTS_DIR; };
		CC5EA64C1A41A64A00B204D0 /* libpython2.7.dylib */ = {isa = PBXFileReference; lastKnownFileType = "compiled.mach-o.dylib"; name = libpython2.7.dylib; path = ../../../../../System/Library/Frameworks/Python.framework/Versions/2.7/lib/python2.7/config/libpython2.7.dylib; sourceTree = "<group>"; };
		CC78F6AD1BF8CE4F00E5C1C3 /* delegate.py */ = {isa = PBXFileReference; fileEncoding = 4; lastKnownFileType = text.script.python; name = delegate.py; path = MetaApp/delegate.py; sourceTree = "<group>"; };
		CC8DB9BA1BF8C8B6001F4835 /* en.lproj */ = {isa = PBXFileReference; lastKnownFileType = folder; name = en.lproj; path = MetaApp/en.lproj; sourceTree = "<group>"; };
		CC8DB9BC1BF8C8C9001F4835 /* main.m */ = {isa = PBXFileReference; fileEncoding = 4; lastKnownFileType = sourcecode.c.objc; name = main.m; path = MetaApp/main.m; sourceTree = "<group>"; };
		CC8DB9BD1BF8C8C9001F4835 /* main.py */ = {isa = PBXFileReference; fileEncoding = 4; lastKnownFileType = text.script.python; name = main.py; path = MetaApp/main.py; sourceTree = "<group>"; };
		CC8DB9BE1BF8C8C9001F4835 /* setup.py */ = {isa = PBXFileReference; fileEncoding = 4; lastKnownFileType = text.script.python; name = setup.py; path = MetaApp/setup.py; sourceTree = "<group>"; };
		CC8E49361BF8B9EE00677633 /* en */ = {isa = PBXFileReference; lastKnownFileType = file.xib; name = en; path = MetaApp/en.lproj/MainMenu.xib; sourceTree = "<group>"; };
/* End PBXFileReference section */

/* Begin PBXFrameworksBuildPhase section */
		CC2ABDB91A419A0E007F6501 /* Frameworks */ = {
			isa = PBXFrameworksBuildPhase;
			buildActionMask = 2147483647;
			files = (
				CC5EA64D1A41A64A00B204D0 /* libpython2.7.dylib in Frameworks */,
			);
			runOnlyForDeploymentPostprocessing = 0;
		};
/* End PBXFrameworksBuildPhase section */

/* Begin PBXGroup section */
		CC2ABDB31A419A0E007F6501 = {
			isa = PBXGroup;
			children = (
				CC78F6AD1BF8CE4F00E5C1C3 /* delegate.py */,
				CC8E49351BF8B9EE00677633 /* MainMenu.xib */,
				CC8DB9BC1BF8C8C9001F4835 /* main.m */,
				CC8DB9BD1BF8C8C9001F4835 /* main.py */,
				CC8DB9BE1BF8C8C9001F4835 /* setup.py */,
				CC8DB9BA1BF8C8B6001F4835 /* en.lproj */,
				CC2ABDBD1A419A0E007F6501 /* Products */,
				CC5EA64C1A41A64A00B204D0 /* libpython2.7.dylib */,
			);
			sourceTree = "<group>";
		};
		CC2ABDBD1A419A0E007F6501 /* Products */ = {
			isa = PBXGroup;
			children = (
				CC2ABDBC1A419A0E007F6501 /* WayFinding.app */,
			);
			name = Products;
			sourceTree = "<group>";
		};
/* End PBXGroup section */

/* Begin PBXNativeTarget section */
		CC2ABDBB1A419A0E007F6501 /* WayFinding */ = {
			isa = PBXNativeTarget;
			buildConfigurationList = CC2ABDD91A419A0E007F6501 /* Build configuration list for PBXNativeTarget "WayFinding" */;
			buildPhases = (
				CC2ABDB81A419A0E007F6501 /* Sources */,
				CC2ABDB91A419A0E007F6501 /* Frameworks */,
				CC2ABDBA1A419A0E007F6501 /* Resources */,
			);
			buildRules = (
			);
			dependencies = (
			);
			name = WayFinding;
			productName = WayFinding;
			productReference = CC2ABDBC1A419A0E007F6501 /* WayFinding.app */;
			productType = "com.apple.product-type.application";
		};
/* End PBXNativeTarget section */

/* Begin PBXProject section */
		CC2ABDB41A419A0E007F6501 /* Project object */ = {
			isa = PBXProject;
			attributes = {
				LastUpgradeCheck = 0610;
				ORGANIZATIONNAME = "Buro Petr van Blokland + Claudia Mens";
				TargetAttributes = {
					CC2ABDBB1A419A0E007F6501 = {
						CreatedOnToolsVersion = 6.1.1;
					};
				};
			};
			buildConfigurationList = CC2ABDB71A419A0E007F6501 /* Build configuration list for PBXProject "MetaApp" */;
			compatibilityVersion = "Xcode 3.2";
			developmentRegion = English;
			hasScannedForEncodings = 0;
			knownRegions = (
				en,
				Base,
			);
			mainGroup = CC2ABDB31A419A0E007F6501;
			productRefGroup = CC2ABDBD1A419A0E007F6501 /* Products */;
			projectDirPath = "";
			projectRoot = "";
			targets = (
				CC2ABDBB1A419A0E007F6501 /* WayFinding */,
			);
		};
/* End PBXProject section */

/* Begin PBXResourcesBuildPhase section */
		CC2ABDBA1A419A0E007F6501 /* Resources */ = {
			isa = PBXResourcesBuildPhase;
			buildActionMask = 2147483647;
			files = (
				CC8DB9BB1BF8C8B6001F4835 /* en.lproj in Resources */,
				CC8E49371BF8B9EE00677633 /* MainMenu.xib in Resources */,
				CC78F6AE1BF8CE4F00E5C1C3 /* delegate.py in Resources */,
				CC8DB9C11BF8C8C9001F4835 /* setup.py in Resources */,
				CC8DB9C01BF8C8C9001F4835 /* main.py in Resources */,
			);
			runOnlyForDeploymentPostprocessing = 0;
		};
/* End PBXResourcesBuildPhase section */

/* Begin PBXSourcesBuildPhase section */
		CC2ABDB81A419A0E007F6501 /* Sources */ = {
			isa = PBXSourcesBuildPhase;
			buildActionMask = 2147483647;
			files = (
				CC8DB9BF1BF8C8C9001F4835 /* main.m in Sources */,
			);
			runOnlyForDeploymentPostprocessing = 0;
		};
/* End PBXSourcesBuildPhase section */

/* Begin PBXVariantGroup section */
		CC8E49351BF8B9EE00677633 /* MainMenu.xib */ = {
			isa = PBXVariantGroup;
			children = (
				CC8E49361BF8B9EE00677633 /* en */,
			);
			name = MainMenu.xib;
			sourceTree = "<group>";
		};
/* End PBXVariantGroup section */

/* Begin XCBuildConfiguration section */
		CC2ABDD71A419A0E007F6501 /* Debug */ = {
			isa = XCBuildConfiguration;
			buildSettings = {
				ALWAYS_SEARCH_USER_PATHS = NO;
				CLANG_CXX_LANGUAGE_STANDARD = "gnu++0x";
				CLANG_CXX_LIBRARY = "libc++";
				CLANG_ENABLE_MODULES = YES;
				CLANG_ENABLE_OBJC_ARC = YES;
				CLANG_WARN_BOOL_CONVERSION = YES;
				CLANG_WARN_CONSTANT_CONVERSION = YES;
				CLANG_WARN_DIRECT_OBJC_ISA_USAGE = YES_ERROR;
				CLANG_WARN_EMPTY_BODY = YES;
				CLANG_WARN_ENUM_CONVERSION = YES;
				CLANG_WARN_INT_CONVERSION = YES;
				CLANG_WARN_OBJC_ROOT_CLASS = YES_ERROR;
				CLANG_WARN_UNREACHABLE_CODE = YES;
				CLANG_WARN__DUPLICATE_METHOD_MATCH = YES;
				CODE_SIGN_IDENTITY = "-";
				COPY_PHASE_STRIP = NO;
				ENABLE_STRICT_OBJC_MSGSEND = YES;
				GCC_C_LANGUAGE_STANDARD = gnu99;
				GCC_DYNAMIC_NO_PIC = NO;
				GCC_OPTIMIZATION_LEVEL = 0;
				GCC_PREPROCESSOR_DEFINITIONS = (
					"DEBUG=1",
					"$(inherited)",
				);
				GCC_SYMBOLS_PRIVATE_EXTERN = NO;
				GCC_WARN_64_TO_32_BIT_CONVERSION = YES;
				GCC_WARN_ABOUT_RETURN_TYPE = YES_ERROR;
				GCC_WARN_UNDECLARED_SELECTOR = YES;
				GCC_WARN_UNINITIALIZED_AUTOS = YES_AGGRESSIVE;
				GCC_WARN_UNUSED_FUNCTION = YES;
				GCC_WARN_UNUSED_VARIABLE = YES;
				MACOSX_DEPLOYMENT_TARGET = 10.9;
				MTL_ENABLE_DEBUG_INFO = YES;
				ONLY_ACTIVE_ARCH = YES;
				SDKROOT = macosx;
			};
			name = Debug;
		};
		CC2ABDD81A419A0E007F6501 /* Release */ = {
			isa = XCBuildConfiguration;
			buildSettings = {
				ALWAYS_SEARCH_USER_PATHS = NO;
				CLANG_CXX_LANGUAGE_STANDARD = "gnu++0x";
				CLANG_CXX_LIBRARY = "libc++";
				CLANG_ENABLE_MODULES = YES;
				CLANG_ENABLE_OBJC_ARC = YES;
				CLANG_WARN_BOOL_CONVERSION = YES;
				CLANG_WARN_CONSTANT_CONVERSION = YES;
				CLANG_WARN_DIRECT_OBJC_ISA_USAGE = YES_ERROR;
				CLANG_WARN_EMPTY_BODY = YES;
				CLANG_WARN_ENUM_CONVERSION = YES;
				CLANG_WARN_INT_CONVERSION = YES;
				CLANG_WARN_OBJC_ROOT_CLASS = YES_ERROR;
				CLANG_WARN_UNREACHABLE_CODE = YES;
				CLANG_WARN__DUPLICATE_METHOD_MATCH = YES;
				CODE_SIGN_IDENTITY = "-";
				COPY_PHASE_STRIP = YES;
				DEBUG_INFORMATION_FORMAT = "dwarf-with-dsym";
				ENABLE_NS_ASSERTIONS = NO;
				ENABLE_STRICT_OBJC_MSGSEND = YES;
				GCC_C_LANGUAGE_STANDARD = gnu99;
				GCC_WARN_64_TO_32_BIT_CONVERSION = YES;
				GCC_WARN_ABOUT_RETURN_TYPE = YES_ERROR;
				GCC_WARN_UNDECLARED_SELECTOR = YES;
				GCC_WARN_UNINITIALIZED_AUTOS = YES_AGGRESSIVE;
				GCC_WARN_UNUSED_FUNCTION = YES;
				GCC_WARN_UNUSED_VARIABLE = YES;
				MACOSX_DEPLOYMENT_TARGET = 10.9;
				MTL_ENABLE_DEBUG_INFO = NO;
				SDKROOT = macosx;
			};
			name = Release;
		};
		CC2ABDDA1A419A0E007F6501 /* Debug */ = {
			isa = XCBuildConfiguration;
			buildSettings = {
				ASSETCATALOG_COMPILER_APPICON_NAME = AppIcon;
				COMBINE_HIDPI_IMAGES = YES;
				HEADER_SEARCH_PATHS = (
					"$(inherited)",
					/Applications/Xcode.app/Contents/Developer/Toolchains/XcodeDefault.xctoolchain/usr/include,
					/System/Library/Frameworks/Python.framework/Versions/2.7/include/python2.7,
				);
				INFOPLIST_FILE = WayFinding/Info.plist;
				LD_RUNPATH_SEARCH_PATHS = "$(inherited) @executable_path/../Frameworks";
				LIBRARY_SEARCH_PATHS = (
					"$(inherited)",
					"$(SYSTEM_LIBRARY_DIR)/Frameworks/Python.framework/Versions/2.7/lib/python2.7/config",
				);
				PRODUCT_NAME = "$(TARGET_NAME)";
			};
			name = Debug;
		};
		CC2ABDDB1A419A0E007F6501 /* Release */ = {
			isa = XCBuildConfiguration;
			buildSettings = {
				ASSETCATALOG_COMPILER_APPICON_NAME = AppIcon;
				COMBINE_HIDPI_IMAGES = YES;
				HEADER_SEARCH_PATHS = (
					"$(inherited)",
					/Applications/Xcode.app/Contents/Developer/Toolchains/XcodeDefault.xctoolchain/usr/include,
					/System/Library/Frameworks/Python.framework/Versions/2.7/include/python2.7,
				);
				INFOPLIST_FILE = WayFinding/Info.plist;
				LD_RUNPATH_SEARCH_PATHS = "$(inherited) @executable_path/../Frameworks";
				LIBRARY_SEARCH_PATHS = (
					"$(inherited)",
					"$(SYSTEM_LIBRARY_DIR)/Frameworks/Python.framework/Versions/2.7/lib/python2.7/config",
				);
				PRODUCT_NAME = "$(TARGET_NAME)";
			};
			name = Release;
		};
/* End XCBuildConfiguration section */

/* Begin XCConfigurationList section */
		CC2ABDB71A419A0E007F6501 /* Build configuration list for PBXProject "MetaApp" */ = {
			isa = XCConfigurationList;
			buildConfigurations = (
				CC2ABDD71A419A0E007F6501 /* Debug */,
				CC2ABDD81A419A0E007F6501 /* Release */,
			);
			defaultConfigurationIsVisible = 0;
			defaultConfigurationName = Release;
		};
		CC2ABDD91A419A0E007F6501 /* Build configuration list for PBXNativeTarget "WayFinding" */ = {
			isa = XCConfigurationList;
			buildConfigurations = (
				CC2ABDDA1A419A0E007F6501 /* Debug */,
				CC2ABDDB1A419A0E007F6501 /* Release */,
			);
			defaultConfigurationIsVisible = 0;
			defaultConfigurationName = Release;
		};
/* End XCConfigurationList section */
	};
	rootObject = CC2ABDB41A419A0E007F6501 /* Project object */;
}
